
Microsoft Visual Studio Solution File, Format Version 12.00
# Visual Studio Version 17
VisualStudioVersion = 17.6.33829.357
MinimumVisualStudioVersion = 10.0.40219.1
Project("{FAE04EC0-301F-11D3-BF4B-00C04F79EFBC}") = "Stage1", "Stage1\Stage1.csproj", "{FBC77EAC-5565-4BB3-8EFE-2648F0AE5787}"
EndProject
Project("{9A19103F-16F7-4668-BE54-9A1E7A4F7556}") = "OOP_Realization", "OOP_Realization\OOP_Realization.csproj", "{DC1E5EF4-F50D-4E3C-AD8D-3EED6508FC08}"
EndProject
Project("{2150E333-8FDC-42A3-9474-1A3956D46DE8}") = "Application", "Application", "{2C6E8D4A-3978-4CA4-B346-50E8287C9B66}"
EndProject
Project("{2150E333-8FDC-42A3-9474-1A3956D46DE8}") = "Tools", "Tools", "{04189884-1B29-4A50-B84A-9BF8EA7BB94D}"
EndProject
Project("{9A19103F-16F7-4668-BE54-9A1E7A4F7556}") = "Models", "Application\Models\Models.csproj", "{44D567AD-8E9F-4D02-8714-4E3011DB1774}"
EndProject
Project("{9A19103F-16F7-4668-BE54-9A1E7A4F7556}") = "PracticeWithTypes", "Tools\PracticeWithTypes\PracticeWithTypes.csproj", "{EBCBDEE4-E2C5-465F-A847-CC12F8DDF2E3}"
EndProject
Project("{9A19103F-16F7-4668-BE54-9A1E7A4F7556}") = "Services", "Application\Services\Services.csproj", "{4ADF0519-91A7-4AA3-8B43-37DFFE95D4CF}"
EndProject
Project("{9A19103F-16F7-4668-BE54-9A1E7A4F7556}") = "ServiceTests", "Application\ServiceTests\ServiceTests.csproj", "{A0AA6A22-A687-4EEF-9C7D-909466F8137F}"
EndProject
Project("{FAE04EC0-301F-11D3-BF4B-00C04F79EFBC}") = "BankDbConnection", "BankDbConnection\BankDbConnection.csproj", "{DF034FA5-334D-4246-B9A8-E4DA04E0F329}"
EndProject
Global
	GlobalSection(SolutionConfigurationPlatforms) = preSolution
		Debug|Any CPU = Debug|Any CPU
		Release|Any CPU = Release|Any CPU
	EndGlobalSection
	GlobalSection(ProjectConfigurationPlatforms) = postSolution
		{FBC77EAC-5565-4BB3-8EFE-2648F0AE5787}.Debug|Any CPU.ActiveCfg = Debug|Any CPU
		{FBC77EAC-5565-4BB3-8EFE-2648F0AE5787}.Debug|Any CPU.Build.0 = Debug|Any CPU
		{FBC77EAC-5565-4BB3-8EFE-2648F0AE5787}.Release|Any CPU.ActiveCfg = Release|Any CPU
		{FBC77EAC-5565-4BB3-8EFE-2648F0AE5787}.Release|Any CPU.Build.0 = Release|Any CPU
		{DC1E5EF4-F50D-4E3C-AD8D-3EED6508FC08}.Debug|Any CPU.ActiveCfg = Debug|Any CPU
		{DC1E5EF4-F50D-4E3C-AD8D-3EED6508FC08}.Debug|Any CPU.Build.0 = Debug|Any CPU
		{DC1E5EF4-F50D-4E3C-AD8D-3EED6508FC08}.Release|Any CPU.ActiveCfg = Release|Any CPU
		{DC1E5EF4-F50D-4E3C-AD8D-3EED6508FC08}.Release|Any CPU.Build.0 = Release|Any CPU
		{44D567AD-8E9F-4D02-8714-4E3011DB1774}.Debug|Any CPU.ActiveCfg = Debug|Any CPU
		{44D567AD-8E9F-4D02-8714-4E3011DB1774}.Debug|Any CPU.Build.0 = Debug|Any CPU
		{44D567AD-8E9F-4D02-8714-4E3011DB1774}.Release|Any CPU.ActiveCfg = Release|Any CPU
		{44D567AD-8E9F-4D02-8714-4E3011DB1774}.Release|Any CPU.Build.0 = Release|Any CPU
		{EBCBDEE4-E2C5-465F-A847-CC12F8DDF2E3}.Debug|Any CPU.ActiveCfg = Debug|Any CPU
		{EBCBDEE4-E2C5-465F-A847-CC12F8DDF2E3}.Debug|Any CPU.Build.0 = Debug|Any CPU
		{EBCBDEE4-E2C5-465F-A847-CC12F8DDF2E3}.Release|Any CPU.ActiveCfg = Release|Any CPU
		{EBCBDEE4-E2C5-465F-A847-CC12F8DDF2E3}.Release|Any CPU.Build.0 = Release|Any CPU
		{4ADF0519-91A7-4AA3-8B43-37DFFE95D4CF}.Debug|Any CPU.ActiveCfg = Debug|Any CPU
		{4ADF0519-91A7-4AA3-8B43-37DFFE95D4CF}.Debug|Any CPU.Build.0 = Debug|Any CPU
		{4ADF0519-91A7-4AA3-8B43-37DFFE95D4CF}.Release|Any CPU.ActiveCfg = Release|Any CPU
		{4ADF0519-91A7-4AA3-8B43-37DFFE95D4CF}.Release|Any CPU.Build.0 = Release|Any CPU
		{A0AA6A22-A687-4EEF-9C7D-909466F8137F}.Debug|Any CPU.ActiveCfg = Debug|Any CPU
		{A0AA6A22-A687-4EEF-9C7D-909466F8137F}.Debug|Any CPU.Build.0 = Debug|Any CPU
		{A0AA6A22-A687-4EEF-9C7D-909466F8137F}.Release|Any CPU.ActiveCfg = Release|Any CPU
		{A0AA6A22-A687-4EEF-9C7D-909466F8137F}.Release|Any CPU.Build.0 = Release|Any CPU
		{DF034FA5-334D-4246-B9A8-E4DA04E0F329}.Debug|Any CPU.ActiveCfg = Debug|Any CPU
		{DF034FA5-334D-4246-B9A8-E4DA04E0F329}.Debug|Any CPU.Build.0 = Debug|Any CPU
		{DF034FA5-334D-4246-B9A8-E4DA04E0F329}.Release|Any CPU.ActiveCfg = Release|Any CPU
		{DF034FA5-334D-4246-B9A8-E4DA04E0F329}.Release|Any CPU.Build.0 = Release|Any CPU
	EndGlobalSection
	GlobalSection(SolutionProperties) = preSolution
		HideSolutionNode = FALSE
	EndGlobalSection
	GlobalSection(NestedProjects) = preSolution
		{44D567AD-8E9F-4D02-8714-4E3011DB1774} = {2C6E8D4A-3978-4CA4-B346-50E8287C9B66}
		{EBCBDEE4-E2C5-465F-A847-CC12F8DDF2E3} = {04189884-1B29-4A50-B84A-9BF8EA7BB94D}
		{4ADF0519-91A7-4AA3-8B43-37DFFE95D4CF} = {2C6E8D4A-3978-4CA4-B346-50E8287C9B66}
		{A0AA6A22-A687-4EEF-9C7D-909466F8137F} = {2C6E8D4A-3978-4CA4-B346-50E8287C9B66}
		{DF034FA5-334D-4246-B9A8-E4DA04E0F329} = {2C6E8D4A-3978-4CA4-B346-50E8287C9B66}
	EndGlobalSection
	GlobalSection(ExtensibilityGlobals) = postSolution
		SolutionGuid = {C1E33890-6ECE-4C84-A2F0-2371FEE193D2}
	EndGlobalSection
EndGlobal
